
Microsoft Visual Studio Solution File, Format Version 12.00
# Visual Studio 14
VisualStudioVersion = 14.0.23107.0
MinimumVisualStudioVersion = 10.0.40219.1
Project("{F14B399A-7131-4C87-9E4B-1186C45EF12D}") = "Chapter05", "Chapter05.rptproj", "{378978DD-9924-4619-8B5B-AFD8761AE30B}"
EndProject
Global
	GlobalSection(SolutionConfigurationPlatforms) = preSolution
		Debug|Default = Debug|Default
		DebugLocal|Default = DebugLocal|Default
		Release|Default = Release|Default
	EndGlobalSection
	GlobalSection(ProjectConfigurationPlatforms) = postSolution
		{378978DD-9924-4619-8B5B-AFD8761AE30B}.Debug|Default.ActiveCfg = Debug
		{378978DD-9924-4619-8B5B-AFD8761AE30B}.Debug|Default.Build.0 = Debug
		{378978DD-9924-4619-8B5B-AFD8761AE30B}.Debug|Default.Deploy.0 = Debug
		{378978DD-9924-4619-8B5B-AFD8761AE30B}.DebugLocal|Default.ActiveCfg = DebugLocal
		{378978DD-9924-4619-8B5B-AFD8761AE30B}.DebugLocal|Default.Build.0 = DebugLocal
		{378978DD-9924-4619-8B5B-AFD8761AE30B}.Release|Default.ActiveCfg = Release
		{378978DD-9924-4619-8B5B-AFD8761AE30B}.Release|Default.Build.0 = Release
		{378978DD-9924-4619-8B5B-AFD8761AE30B}.Release|Default.Deploy.0 = Release
	EndGlobalSection
	GlobalSection(SolutionProperties) = preSolution
		HideSolutionNode = FALSE
	EndGlobalSection
EndGlobal
