
Microsoft Visual Studio Solution File, Format Version 12.00
# Visual Studio 15
VisualStudioVersion = 15.0.34112.143
MinimumVisualStudioVersion = 10.0.40219.1
Project("{F14B399A-7131-4C87-9E4B-1186C45EF12D}") = "Report Project 01", "Report Project 01\Report Project 01.rptproj", "{4ED34E9D-E169-4C2D-A57E-A61966427651}"
EndProject
Global
	GlobalSection(SolutionConfigurationPlatforms) = preSolution
		Debug|Default = Debug|Default
		DebugLocal|Default = DebugLocal|Default
		Release|Default = Release|Default
	EndGlobalSection
	GlobalSection(ProjectConfigurationPlatforms) = postSolution
		{4ED34E9D-E169-4C2D-A57E-A61966427651}.Debug|Default.ActiveCfg = Debug
		{4ED34E9D-E169-4C2D-A57E-A61966427651}.Debug|Default.Build.0 = Debug
		{4ED34E9D-E169-4C2D-A57E-A61966427651}.Debug|Default.Deploy.0 = Debug
		{4ED34E9D-E169-4C2D-A57E-A61966427651}.DebugLocal|Default.ActiveCfg = DebugLocal
		{4ED34E9D-E169-4C2D-A57E-A61966427651}.DebugLocal|Default.Build.0 = DebugLocal
		{4ED34E9D-E169-4C2D-A57E-A61966427651}.Release|Default.ActiveCfg = Release
		{4ED34E9D-E169-4C2D-A57E-A61966427651}.Release|Default.Build.0 = Release
		{4ED34E9D-E169-4C2D-A57E-A61966427651}.Release|Default.Deploy.0 = Release
	EndGlobalSection
	GlobalSection(SolutionProperties) = preSolution
		HideSolutionNode = FALSE
	EndGlobalSection
	GlobalSection(ExtensibilityGlobals) = postSolution
		SolutionGuid = {84369BBB-2E1B-4007-95C5-AA8950CB6FA1}
	EndGlobalSection
EndGlobal
